
Microsoft Visual Studio Solution File, Format Version 12.00
# Visual Studio Version 17
VisualStudioVersion = 17.7.34031.279
MinimumVisualStudioVersion = 10.0.40219.1
Project("{FAE04EC0-301F-11D3-BF4B-00C04F79EFBC}") = "Aplicacion de Socket Servidor (C sharp)", "Aplicacion de Socket Servidor (C sharp)\Aplicacion de Socket Servidor (C sharp).csproj", "{F7013003-6808-4B5E-8410-4F68B7D6E840}"
EndProject
Global
	GlobalSection(SolutionConfigurationPlatforms) = preSolution
		Debug|Any CPU = Debug|Any CPU
		Release|Any CPU = Release|Any CPU
	EndGlobalSection
	GlobalSection(ProjectConfigurationPlatforms) = postSolution
		{F7013003-6808-4B5E-8410-4F68B7D6E840}.Debug|Any CPU.ActiveCfg = Debug|Any CPU
		{F7013003-6808-4B5E-8410-4F68B7D6E840}.Debug|Any CPU.Build.0 = Debug|Any CPU
		{F7013003-6808-4B5E-8410-4F68B7D6E840}.Release|Any CPU.ActiveCfg = Release|Any CPU
		{F7013003-6808-4B5E-8410-4F68B7D6E840}.Release|Any CPU.Build.0 = Release|Any CPU
	EndGlobalSection
	GlobalSection(SolutionProperties) = preSolution
		HideSolutionNode = FALSE
	EndGlobalSection
	GlobalSection(ExtensibilityGlobals) = postSolution
		SolutionGuid = {393CE28F-13C9-41DF-A4C4-3A0C99FED024}
	EndGlobalSection
EndGlobal
